<?xml version="1.0" encoding="utf-8"?>
<Project ToolsVersion="4.0" xmlns="http://schemas.microsoft.com/developer/msbuild/2003">
  <ItemGroup>
    <Filter Include="Core">
      <UniqueIdentifier>{2EB4837C-1AEB-840D-C3D7-6A10AFED000F}</UniqueIdentifier>
    </Filter>
    <Filter Include="Core\Assert">
      <UniqueIdentifier>{0FBB976A-7B70-1060-0465-0A3770190764}</UniqueIdentifier>
    </Filter>
  </ItemGroup>
  <ItemGroup>
    <ClInclude Include="src\Application.h" />
    <ClInclude Include="src\Core\Assert.h">
      <Filter>Core</Filter>
    </ClInclude>
    <ClInclude Include="src\Core\Assert\AssertDefines.h">
      <Filter>Core\Assert</Filter>
    </ClInclude>
    <ClInclude Include="src\Core\Assert\AssertStatic.h">
      <Filter>Core\Assert</Filter>
    </ClInclude>
    <ClInclude Include="src\Core\Camera.h">
      <Filter>Core</Filter>
    </ClInclude>
    <ClInclude Include="src\Core\Color.h">
      <Filter>Core</Filter>
    </ClInclude>
    <ClInclude Include="src\Core\Core.h">
      <Filter>Core</Filter>
    </ClInclude>
    <ClInclude Include="src\Core\CoreMath.h">
      <Filter>Core</Filter>
    </ClInclude>
    <ClInclude Include="src\Core\DirectXInit.h">
      <Filter>Core</Filter>
    </ClInclude>
    <ClInclude Include="src\Core\Error.h">
      <Filter>Core</Filter>
    </ClInclude>
    <ClInclude Include="src\Core\ExceptionContainer.h">
      <Filter>Core</Filter>
    </ClInclude>
    <ClInclude Include="src\Core\GlobalDefines.h">
      <Filter>Core</Filter>
    </ClInclude>
    <ClInclude Include="src\Core\GraphicsSystem.h">
      <Filter>Core</Filter>
    </ClInclude>
    <ClInclude Include="src\Core\IGraphicsAPI.h">
      <Filter>Core</Filter>
    </ClInclude>
    <ClInclude Include="src\Core\IGraphicsInit.h">
      <Filter>Core</Filter>
    </ClInclude>
    <ClInclude Include="src\Core\Log.h">
      <Filter>Core</Filter>
    </ClInclude>
    <ClInclude Include="src\Core\Platform.h">
      <Filter>Core</Filter>
    </ClInclude>
    <ClInclude Include="src\Core\Resource.h">
      <Filter>Core</Filter>
    </ClInclude>
    <ClInclude Include="src\Core\RyAssert.h">
      <Filter>Core</Filter>
    </ClInclude>
    <ClInclude Include="src\Core\RyDXException.h">
      <Filter>Core</Filter>
    </ClInclude>
    <ClInclude Include="src\Core\RyDirectX.h">
      <Filter>Core</Filter>
    </ClInclude>
    <ClInclude Include="src\Core\RyEngineCore.h">
      <Filter>Core</Filter>
    </ClInclude>
    <ClInclude Include="src\Core\RyException.h">
      <Filter>Core</Filter>
    </ClInclude>
    <ClInclude Include="src\Core\Singleton.h">
      <Filter>Core</Filter>
    </ClInclude>
    <ClInclude Include="src\Core\SubSystem.h">
      <Filter>Core</Filter>
    </ClInclude>
    <ClInclude Include="src\Core\SubSystemManager.h">
      <Filter>Core</Filter>
    </ClInclude>
    <ClInclude Include="src\Core\Utils.h">
      <Filter>Core</Filter>
    </ClInclude>
    <ClInclude Include="src\Core\Vertex.h">
      <Filter>Core</Filter>
    </ClInclude>
    <ClInclude Include="src\Core\ViewPort.h">
      <Filter>Core</Filter>
    </ClInclude>
    <ClInclude Include="src\Core\Window.h">
      <Filter>Core</Filter>
    </ClInclude>
    <ClInclude Include="src\Core\WindowSystem.h">
      <Filter>Core</Filter>
    </ClInclude>
    <ClInclude Include="src\Core\targetver.h">
      <Filter>Core</Filter>
    </ClInclude>
    <ClInclude Include="src\Entry.h" />
    <ClInclude Include="src\RyEngine.h" />
    <ClInclude Include="src\pch.h" />
  </ItemGroup>
  <ItemGroup>
    <ClCompile Include="src\Application.cpp" />
    <ClCompile Include="src\Core\Camera.cpp">
      <Filter>Core</Filter>
    </ClCompile>
    <ClCompile Include="src\Core\Color.cpp">
      <Filter>Core</Filter>
    </ClCompile>
    <ClCompile Include="src\Core\Core.cpp">
      <Filter>Core</Filter>
    </ClCompile>
    <ClCompile Include="src\Core\CoreMath.cpp">
      <Filter>Core</Filter>
    </ClCompile>
    <ClCompile Include="src\Core\DirectXInit.cpp">
      <Filter>Core</Filter>
    </ClCompile>
    <ClCompile Include="src\Core\GraphicsSystem.cpp">
      <Filter>Core</Filter>
    </ClCompile>
    <ClCompile Include="src\Core\Log.cpp">
      <Filter>Core</Filter>
    </ClCompile>
    <ClCompile Include="src\Core\RyDirectX.cpp">
      <Filter>Core</Filter>
    </ClCompile>
    <ClCompile Include="src\Core\RyException.cpp">
      <Filter>Core</Filter>
    </ClCompile>
    <ClCompile Include="src\Core\SubSystem.cpp">
      <Filter>Core</Filter>
    </ClCompile>
    <ClCompile Include="src\Core\SubSystemManager.cpp">
      <Filter>Core</Filter>
    </ClCompile>
    <ClCompile Include="src\Core\Vertex.cpp">
      <Filter>Core</Filter>
    </ClCompile>
    <ClCompile Include="src\Core\ViewPort.cpp">
      <Filter>Core</Filter>
    </ClCompile>
    <ClCompile Include="src\Core\Window.cpp">
      <Filter>Core</Filter>
    </ClCompile>
    <ClCompile Include="src\Core\WindowSystem.cpp">
      <Filter>Core</Filter>
    </ClCompile>
    <ClCompile Include="src\pch.cpp" />
  </ItemGroup>
</Project>