<?xml version="1.0" encoding="utf-8"?>
<Project ToolsVersion="4.0" xmlns="http://schemas.microsoft.com/developer/msbuild/2003">
  <ItemGroup>
    <Filter Include="assets">
      <UniqueIdentifier>{583885F2-44DA-AFC8-2D95-C31C19D63619}</UniqueIdentifier>
    </Filter>
    <Filter Include="assets\shaders">
      <UniqueIdentifier>{51CD2FD9-3D9B-23DF-262F-9405129CFF43}</UniqueIdentifier>
    </Filter>
    <Filter Include="src">
      <UniqueIdentifier>{2DAB880B-99B4-887C-2230-9F7C8E38947C}</UniqueIdentifier>
    </Filter>
    <Filter Include="src\Core">
      <UniqueIdentifier>{A5D31CCF-91A0-77DA-BAB9-6582A6E5AC68}</UniqueIdentifier>
    </Filter>
    <Filter Include="src\Core\Assert">
      <UniqueIdentifier>{A6EE7182-127A-DF46-1B8B-623B87953B47}</UniqueIdentifier>
    </Filter>
    <Filter Include="src\Core\Exception">
      <UniqueIdentifier>{A3F1225B-8FD5-E3B0-F835-DE03E438CE32}</UniqueIdentifier>
    </Filter>
    <Filter Include="src\Core\Window">
      <UniqueIdentifier>{ECB40BB5-5840-7979-6151-FC6DCD5BD579}</UniqueIdentifier>
    </Filter>
    <Filter Include="src\Platform">
      <UniqueIdentifier>{21CA02E5-0D2D-9289-B6B2-CA3FA2F45D0C}</UniqueIdentifier>
    </Filter>
    <Filter Include="src\Platform\DirectX">
      <UniqueIdentifier>{E33DFBCB-CFCC-8495-78EB-98906459953B}</UniqueIdentifier>
    </Filter>
    <Filter Include="src\Platform\DirectX\InputLayouts">
      <UniqueIdentifier>{5334E6AD-BFA2-3B2D-088C-F62C743931C9}</UniqueIdentifier>
    </Filter>
    <Filter Include="src\Platform\Windows">
      <UniqueIdentifier>{5B054582-4794-CE4B-F0B2-E246DC20DFF1}</UniqueIdentifier>
    </Filter>
  </ItemGroup>
  <ItemGroup>
    <ClInclude Include="src\Core\Application.h">
      <Filter>src\Core</Filter>
    </ClInclude>
    <ClInclude Include="src\Core\Assert.h">
      <Filter>src\Core</Filter>
    </ClInclude>
    <ClInclude Include="src\Core\Assert\AssertDefines.h">
      <Filter>src\Core\Assert</Filter>
    </ClInclude>
    <ClInclude Include="src\Core\Assert\AssertStatic.h">
      <Filter>src\Core\Assert</Filter>
    </ClInclude>
    <ClInclude Include="src\Core\Camera.h">
      <Filter>src\Core</Filter>
    </ClInclude>
    <ClInclude Include="src\Core\Collections.h">
      <Filter>src\Core</Filter>
    </ClInclude>
    <ClInclude Include="src\Core\Color.h">
      <Filter>src\Core</Filter>
    </ClInclude>
    <ClInclude Include="src\Core\Core.h">
      <Filter>src\Core</Filter>
    </ClInclude>
    <ClInclude Include="src\Core\CoreMath.h">
      <Filter>src\Core</Filter>
    </ClInclude>
    <ClInclude Include="src\Core\DirectXInit.h">
      <Filter>src\Core</Filter>
    </ClInclude>
    <ClInclude Include="src\Core\Error.h">
      <Filter>src\Core</Filter>
    </ClInclude>
    <ClInclude Include="src\Core\Exception\RyDXException.h">
      <Filter>src\Core\Exception</Filter>
    </ClInclude>
    <ClInclude Include="src\Core\Exception\RyException.h">
      <Filter>src\Core\Exception</Filter>
    </ClInclude>
    <ClInclude Include="src\Core\GeometryHeap.h">
      <Filter>src\Core</Filter>
    </ClInclude>
    <ClInclude Include="src\Core\GlobalDefines.h">
      <Filter>src\Core</Filter>
    </ClInclude>
    <ClInclude Include="src\Core\GraphicsSystem.h">
      <Filter>src\Core</Filter>
    </ClInclude>
    <ClInclude Include="src\Core\IGraphicsAPI.h">
      <Filter>src\Core</Filter>
    </ClInclude>
    <ClInclude Include="src\Core\IGraphicsInit.h">
      <Filter>src\Core</Filter>
    </ClInclude>
    <ClInclude Include="src\Core\Log.h">
      <Filter>src\Core</Filter>
    </ClInclude>
    <ClInclude Include="src\Core\Mesh.h">
      <Filter>src\Core</Filter>
    </ClInclude>
    <ClInclude Include="src\Core\Platform.h">
      <Filter>src\Core</Filter>
    </ClInclude>
    <ClInclude Include="src\Core\Resource.h">
      <Filter>src\Core</Filter>
    </ClInclude>
    <ClInclude Include="src\Core\RyEngineCore.h">
      <Filter>src\Core</Filter>
    </ClInclude>
    <ClInclude Include="src\Core\Singleton.h">
      <Filter>src\Core</Filter>
    </ClInclude>
    <ClInclude Include="src\Core\SubSystem.h">
      <Filter>src\Core</Filter>
    </ClInclude>
    <ClInclude Include="src\Core\SubSystemManager.h">
      <Filter>src\Core</Filter>
    </ClInclude>
    <ClInclude Include="src\Core\Utils.h">
      <Filter>src\Core</Filter>
    </ClInclude>
    <ClInclude Include="src\Core\Vertex.h">
      <Filter>src\Core</Filter>
    </ClInclude>
    <ClInclude Include="src\Core\ViewPort.h">
      <Filter>src\Core</Filter>
    </ClInclude>
    <ClInclude Include="src\Core\Window\Window.h">
      <Filter>src\Core\Window</Filter>
    </ClInclude>
    <ClInclude Include="src\Core\Window\WindowSystem.h">
      <Filter>src\Core\Window</Filter>
    </ClInclude>
    <ClInclude Include="src\Core\targetver.h">
      <Filter>src\Core</Filter>
    </ClInclude>
    <ClInclude Include="src\Entry.h">
      <Filter>src</Filter>
    </ClInclude>
    <ClInclude Include="src\Platform\DirectX\ColorBuffer.h">
      <Filter>src\Platform\DirectX</Filter>
    </ClInclude>
    <ClInclude Include="src\Platform\DirectX\CommandAllocatorPool.h">
      <Filter>src\Platform\DirectX</Filter>
    </ClInclude>
    <ClInclude Include="src\Platform\DirectX\CommandContext.h">
      <Filter>src\Platform\DirectX</Filter>
    </ClInclude>
    <ClInclude Include="src\Platform\DirectX\CommandManager.h">
      <Filter>src\Platform\DirectX</Filter>
    </ClInclude>
    <ClInclude Include="src\Platform\DirectX\DescriptorAllocator.h">
      <Filter>src\Platform\DirectX</Filter>
    </ClInclude>
    <ClInclude Include="src\Platform\DirectX\DirectXCore.h">
      <Filter>src\Platform\DirectX</Filter>
    </ClInclude>
    <ClInclude Include="src\Platform\DirectX\DirectxAPI.h">
      <Filter>src\Platform\DirectX</Filter>
    </ClInclude>
    <ClInclude Include="src\Platform\DirectX\DxMath.h">
      <Filter>src\Platform\DirectX</Filter>
    </ClInclude>
    <ClInclude Include="src\Platform\DirectX\GpuResource.h">
      <Filter>src\Platform\DirectX</Filter>
    </ClInclude>
    <ClInclude Include="src\Platform\DirectX\IndexBuffer.h">
      <Filter>src\Platform\DirectX</Filter>
    </ClInclude>
    <ClInclude Include="src\Platform\DirectX\InputLayouts\ILColored.h">
      <Filter>src\Platform\DirectX\InputLayouts</Filter>
    </ClInclude>
    <ClInclude Include="src\Platform\DirectX\MeshGeometry.h">
      <Filter>src\Platform\DirectX</Filter>
    </ClInclude>
    <ClInclude Include="src\Platform\DirectX\PipelineState.h">
      <Filter>src\Platform\DirectX</Filter>
    </ClInclude>
    <ClInclude Include="src\Platform\DirectX\PixelBuffer.h">
      <Filter>src\Platform\DirectX</Filter>
    </ClInclude>
    <ClInclude Include="src\Platform\DirectX\RootSignature.h">
      <Filter>src\Platform\DirectX</Filter>
    </ClInclude>
    <ClInclude Include="src\Platform\DirectX\ShaderIncludes.h">
      <Filter>src\Platform\DirectX</Filter>
    </ClInclude>
    <ClInclude Include="src\Platform\DirectX\UploadBuffer.h">
      <Filter>src\Platform\DirectX</Filter>
    </ClInclude>
    <ClInclude Include="src\Platform\DirectX\VertexBuffer.h">
      <Filter>src\Platform\DirectX</Filter>
    </ClInclude>
    <ClInclude Include="src\Platform\DirectX\d3dx12.h">
      <Filter>src\Platform\DirectX</Filter>
    </ClInclude>
    <ClInclude Include="src\Platform\Windows\WindowClass.h">
      <Filter>src\Platform\Windows</Filter>
    </ClInclude>
    <ClInclude Include="src\Platform\Windows\WindowsWindow.h">
      <Filter>src\Platform\Windows</Filter>
    </ClInclude>
    <ClInclude Include="src\RyEngine.h">
      <Filter>src</Filter>
    </ClInclude>
    <ClInclude Include="src\pch.h">
      <Filter>src</Filter>
    </ClInclude>
  </ItemGroup>
  <ItemGroup>
    <ClCompile Include="src\Core\Application.cpp">
      <Filter>src\Core</Filter>
    </ClCompile>
    <ClCompile Include="src\Core\Camera.cpp">
      <Filter>src\Core</Filter>
    </ClCompile>
    <ClCompile Include="src\Core\Collections.cpp">
      <Filter>src\Core</Filter>
    </ClCompile>
    <ClCompile Include="src\Core\Color.cpp">
      <Filter>src\Core</Filter>
    </ClCompile>
    <ClCompile Include="src\Core\Core.cpp">
      <Filter>src\Core</Filter>
    </ClCompile>
    <ClCompile Include="src\Core\CoreMath.cpp">
      <Filter>src\Core</Filter>
    </ClCompile>
    <ClCompile Include="src\Core\DirectXInit.cpp">
      <Filter>src\Core</Filter>
    </ClCompile>
    <ClCompile Include="src\Core\GeometryHeap.cpp">
      <Filter>src\Core</Filter>
    </ClCompile>
    <ClCompile Include="src\Core\GraphicsSystem.cpp">
      <Filter>src\Core</Filter>
    </ClCompile>
    <ClCompile Include="src\Core\Log.cpp">
      <Filter>src\Core</Filter>
    </ClCompile>
    <ClCompile Include="src\Core\Mesh.cpp">
      <Filter>src\Core</Filter>
    </ClCompile>
    <ClCompile Include="src\Core\SubSystem.cpp">
      <Filter>src\Core</Filter>
    </ClCompile>
    <ClCompile Include="src\Core\SubSystemManager.cpp">
      <Filter>src\Core</Filter>
    </ClCompile>
    <ClCompile Include="src\Core\Vertex.cpp">
      <Filter>src\Core</Filter>
    </ClCompile>
    <ClCompile Include="src\Core\ViewPort.cpp">
      <Filter>src\Core</Filter>
    </ClCompile>
    <ClCompile Include="src\Core\Window\Window.cpp">
      <Filter>src\Core\Window</Filter>
    </ClCompile>
    <ClCompile Include="src\Core\Window\WindowSystem.cpp">
      <Filter>src\Core\Window</Filter>
    </ClCompile>
    <ClCompile Include="src\Platform\DirectX\ColorBuffer.cpp">
      <Filter>src\Platform\DirectX</Filter>
    </ClCompile>
    <ClCompile Include="src\Platform\DirectX\CommandAllocatorPool.cpp">
      <Filter>src\Platform\DirectX</Filter>
    </ClCompile>
    <ClCompile Include="src\Platform\DirectX\CommandContext.cpp">
      <Filter>src\Platform\DirectX</Filter>
    </ClCompile>
    <ClCompile Include="src\Platform\DirectX\CommandManager.cpp">
      <Filter>src\Platform\DirectX</Filter>
    </ClCompile>
    <ClCompile Include="src\Platform\DirectX\DescriptorAllocator.cpp">
      <Filter>src\Platform\DirectX</Filter>
    </ClCompile>
    <ClCompile Include="src\Platform\DirectX\DirectXCore.cpp">
      <Filter>src\Platform\DirectX</Filter>
    </ClCompile>
    <ClCompile Include="src\Platform\DirectX\IndexBuffer.cpp">
      <Filter>src\Platform\DirectX</Filter>
    </ClCompile>
    <ClCompile Include="src\Platform\DirectX\MeshGeometry.cpp">
      <Filter>src\Platform\DirectX</Filter>
    </ClCompile>
    <ClCompile Include="src\Platform\DirectX\PipelineState.cpp">
      <Filter>src\Platform\DirectX</Filter>
    </ClCompile>
    <ClCompile Include="src\Platform\DirectX\PixelBuffer.cpp">
      <Filter>src\Platform\DirectX</Filter>
    </ClCompile>
    <ClCompile Include="src\Platform\DirectX\RootSignature.cpp">
      <Filter>src\Platform\DirectX</Filter>
    </ClCompile>
    <ClCompile Include="src\Platform\DirectX\UploadBuffer.cpp">
      <Filter>src\Platform\DirectX</Filter>
    </ClCompile>
    <ClCompile Include="src\Platform\DirectX\VertexBuffer.cpp">
      <Filter>src\Platform\DirectX</Filter>
    </ClCompile>
    <ClCompile Include="src\Platform\Windows\WindowClass.cpp">
      <Filter>src\Platform\Windows</Filter>
    </ClCompile>
    <ClCompile Include="src\Platform\Windows\WindowsWindow.cpp">
      <Filter>src\Platform\Windows</Filter>
    </ClCompile>
    <ClCompile Include="src\pch.cpp">
      <Filter>src</Filter>
    </ClCompile>
  </ItemGroup>
  <ItemGroup>
    <FxCompile Include="assets\shaders\coloredPS.hlsl">
      <Filter>assets\shaders</Filter>
    </FxCompile>
    <FxCompile Include="assets\shaders\coloredVS.hlsl">
      <Filter>assets\shaders</Filter>
    </FxCompile>
  </ItemGroup>
  <ItemGroup>
    <None Include="assets\shaders\base.hlsli">
      <Filter>assets\shaders</Filter>
    </None>
  </ItemGroup>
</Project>